
Microsoft Visual Studio Solution File, Format Version 12.00
# Visual Studio Version 17
VisualStudioVersion = 17.7.34031.279
MinimumVisualStudioVersion = 10.0.40219.1
Project("{FAE04EC0-301F-11D3-BF4B-00C04F79EFBC}") = "Interface", "Interface\Interface.csproj", "{78C2F96D-5451-45EF-8583-2615CC5DF1FB}"
EndProject
Global
	GlobalSection(SolutionConfigurationPlatforms) = preSolution
		Debug|Any CPU = Debug|Any CPU
		Release|Any CPU = Release|Any CPU
	EndGlobalSection
	GlobalSection(ProjectConfigurationPlatforms) = postSolution
		{78C2F96D-5451-45EF-8583-2615CC5DF1FB}.Debug|Any CPU.ActiveCfg = Debug|Any CPU
		{78C2F96D-5451-45EF-8583-2615CC5DF1FB}.Debug|Any CPU.Build.0 = Debug|Any CPU
		{78C2F96D-5451-45EF-8583-2615CC5DF1FB}.Release|Any CPU.ActiveCfg = Release|Any CPU
		{78C2F96D-5451-45EF-8583-2615CC5DF1FB}.Release|Any CPU.Build.0 = Release|Any CPU
	EndGlobalSection
	GlobalSection(SolutionProperties) = preSolution
		HideSolutionNode = FALSE
	EndGlobalSection
	GlobalSection(ExtensibilityGlobals) = postSolution
		SolutionGuid = {C3FE1CCA-A0D6-4591-A9FA-FC23CA347334}
	EndGlobalSection
EndGlobal
